
Microsoft Visual Studio Solution File, Format Version 12.00
# Visual Studio 2012
Project("{FAE04EC0-301F-11D3-BF4B-00C04F79EFBC}") = "Pharmacy Assistant", "Pharmacy Assistant\Pharmacy Assistant.csproj", "{0446B300-4663-4E6E-B205-F78085E5D908}"
EndProject
Project("{FAE04EC0-301F-11D3-BF4B-00C04F79EFBC}") = "Control", "..\Zeta HTML Edit Control\Control\Control.csproj", "{B00AE765-8212-43FD-8E70-768A6C20EE93}"
EndProject
Project("{F184B08F-C81C-45F6-A57F-5ABD9991F28F}") = "i00SpellCheck", "..\i00SpellCheck\i00SpellCheck\i00SpellCheck.vbproj", "{27D0D9B3-719C-46B7-9F03-3F91E82E7436}"
EndProject
Project("{F184B08F-C81C-45F6-A57F-5ABD9991F28F}") = "i00BindingList", "..\i00SpellCheck\Components\i00BindingList\i00BindingList.vbproj", "{1A3066D9-B48C-4EC1-AC93-4B0BBE5AA812}"
EndProject
Project("{2150E333-8FDC-42A3-9474-1A3956D46DE8}") = "Helper Projects", "Helper Projects", "{DA6CEF1C-0792-411A-BA68-50C9D8926B32}"
EndProject
Project("{FAE04EC0-301F-11D3-BF4B-00C04F79EFBC}") = "LinqKit", "..\Linqkit\LinqKit.csproj", "{AEC98F52-83F5-488D-99EF-8AFFE7C9F6E6}"
EndProject
Project("{F184B08F-C81C-45F6-A57F-5ABD9991F28F}") = "Compression", "..\Core\Compression\Compression.vbproj", "{9D0F3ECF-AF2E-4A59-9834-0E83D3E272D8}"
EndProject
Project("{F184B08F-C81C-45F6-A57F-5ABD9991F28F}") = "FileTransfer", "..\Core\FileTransfer\FileTransfer.vbproj", "{30A6157B-92EB-4FA5-8521-6F00255903BE}"
EndProject
Project("{F184B08F-C81C-45F6-A57F-5ABD9991F28F}") = "Logging", "..\Core\Logging\Logging.vbproj", "{B456B610-7C31-4B25-B875-4FBA4C34ECDF}"
EndProject
Project("{F184B08F-C81C-45F6-A57F-5ABD9991F28F}") = "SQL", "..\Core\SQL\SQL.vbproj", "{D8187EA2-CE6F-4EC6-9CA7-74A3FA2129E9}"
EndProject
Project("{FAE04EC0-301F-11D3-BF4B-00C04F79EFBC}") = "Model", "Model\Model.csproj", "{7A515B50-FA79-4770-A2B6-F3C5FABAC15D}"
EndProject
Project("{6141683F-8A12-4E36-9623-2EB02B2C2303}") = "Pharmacy Assistant Setup", "Setup\Pharmacy Assistant Setup.isproj", "{AF804B7C-5E0D-4C50-A261-B8EFD05EACC7}"
	ProjectSection(ProjectDependencies) = postProject
		{0446B300-4663-4E6E-B205-F78085E5D908} = {0446B300-4663-4E6E-B205-F78085E5D908}
		{B456B610-7C31-4B25-B875-4FBA4C34ECDF} = {B456B610-7C31-4B25-B875-4FBA4C34ECDF}
		{7A515B50-FA79-4770-A2B6-F3C5FABAC15D} = {7A515B50-FA79-4770-A2B6-F3C5FABAC15D}
		{30A6157B-92EB-4FA5-8521-6F00255903BE} = {30A6157B-92EB-4FA5-8521-6F00255903BE}
		{D8187EA2-CE6F-4EC6-9CA7-74A3FA2129E9} = {D8187EA2-CE6F-4EC6-9CA7-74A3FA2129E9}
		{27D0D9B3-719C-46B7-9F03-3F91E82E7436} = {27D0D9B3-719C-46B7-9F03-3F91E82E7436}
		{9D0F3ECF-AF2E-4A59-9834-0E83D3E272D8} = {9D0F3ECF-AF2E-4A59-9834-0E83D3E272D8}
		{1A3066D9-B48C-4EC1-AC93-4B0BBE5AA812} = {1A3066D9-B48C-4EC1-AC93-4B0BBE5AA812}
		{1ADA0AF0-7AB5-4422-B254-251A960A9B28} = {1ADA0AF0-7AB5-4422-B254-251A960A9B28}
	EndProjectSection
EndProject
Project("{FAE04EC0-301F-11D3-BF4B-00C04F79EFBC}") = "System.Windows.Forms.Calendar", "..\System.Windows.Forms.Calendar\System.Windows.Forms.Calendar\System.Windows.Forms.Calendar.csproj", "{25649F08-3046-4891-ADB8-7EA787B57063}"
EndProject
Project("{FAE04EC0-301F-11D3-BF4B-00C04F79EFBC}") = "RecurrenceGenerator", "..\RecurranceGenerator\RecurrenceGenerator\RecurrenceGenerator.csproj", "{CB580CB9-6597-4EDB-AA6C-B44F5AED87CE}"
EndProject
Project("{FAE04EC0-301F-11D3-BF4B-00C04F79EFBC}") = "RPM Import", "RPM Import\RPM Import.csproj", "{6249D229-C3E1-4775-9840-187BCE72550D}"
EndProject
Project("{6141683F-8A12-4E36-9623-2EB02B2C2303}") = "RPM Import Setup", "RPM Import Setup\RPM Import Setup.isproj", "{842A60A3-0093-40D9-8607-DC098DE3B2A4}"
	ProjectSection(ProjectDependencies) = postProject
		{6249D229-C3E1-4775-9840-187BCE72550D} = {6249D229-C3E1-4775-9840-187BCE72550D}
	EndProjectSection
EndProject
Project("{F184B08F-C81C-45F6-A57F-5ABD9991F28F}") = "Common", "..\Core\Common\Common.vbproj", "{1ADA0AF0-7AB5-4422-B254-251A960A9B28}"
EndProject
Global
	GlobalSection(SolutionConfigurationPlatforms) = preSolution
		CD_ROM|Any CPU = CD_ROM|Any CPU
		CD_ROM|x64 = CD_ROM|x64
		CD_ROM|x86 = CD_ROM|x86
		Debug|Any CPU = Debug|Any CPU
		Debug|x64 = Debug|x64
		Debug|x86 = Debug|x86
		DVD-5|Any CPU = DVD-5|Any CPU
		DVD-5|x64 = DVD-5|x64
		DVD-5|x86 = DVD-5|x86
		Release|Any CPU = Release|Any CPU
		Release|x64 = Release|x64
		Release|x86 = Release|x86
		SingleImage|Any CPU = SingleImage|Any CPU
		SingleImage|x64 = SingleImage|x64
		SingleImage|x86 = SingleImage|x86
	EndGlobalSection
	GlobalSection(ProjectConfigurationPlatforms) = postSolution
		{0446B300-4663-4E6E-B205-F78085E5D908}.CD_ROM|Any CPU.ActiveCfg = Release|Any CPU
		{0446B300-4663-4E6E-B205-F78085E5D908}.CD_ROM|Any CPU.Build.0 = Release|Any CPU
		{0446B300-4663-4E6E-B205-F78085E5D908}.CD_ROM|x64.ActiveCfg = Release|Any CPU
		{0446B300-4663-4E6E-B205-F78085E5D908}.CD_ROM|x86.ActiveCfg = Release|Any CPU
		{0446B300-4663-4E6E-B205-F78085E5D908}.Debug|Any CPU.ActiveCfg = Debug|Any CPU
		{0446B300-4663-4E6E-B205-F78085E5D908}.Debug|Any CPU.Build.0 = Debug|Any CPU
		{0446B300-4663-4E6E-B205-F78085E5D908}.Debug|x64.ActiveCfg = Debug|x64
		{0446B300-4663-4E6E-B205-F78085E5D908}.Debug|x86.ActiveCfg = Debug|x86
		{0446B300-4663-4E6E-B205-F78085E5D908}.Debug|x86.Build.0 = Debug|x86
		{0446B300-4663-4E6E-B205-F78085E5D908}.DVD-5|Any CPU.ActiveCfg = Debug|Any CPU
		{0446B300-4663-4E6E-B205-F78085E5D908}.DVD-5|Any CPU.Build.0 = Debug|Any CPU
		{0446B300-4663-4E6E-B205-F78085E5D908}.DVD-5|x64.ActiveCfg = Debug|Any CPU
		{0446B300-4663-4E6E-B205-F78085E5D908}.DVD-5|x86.ActiveCfg = Debug|Any CPU
		{0446B300-4663-4E6E-B205-F78085E5D908}.Release|Any CPU.ActiveCfg = Release|Any CPU
		{0446B300-4663-4E6E-B205-F78085E5D908}.Release|Any CPU.Build.0 = Release|Any CPU
		{0446B300-4663-4E6E-B205-F78085E5D908}.Release|x64.ActiveCfg = Release|x64
		{0446B300-4663-4E6E-B205-F78085E5D908}.Release|x64.Build.0 = Release|x64
		{0446B300-4663-4E6E-B205-F78085E5D908}.Release|x86.ActiveCfg = Release|x86
		{0446B300-4663-4E6E-B205-F78085E5D908}.Release|x86.Build.0 = Release|x86
		{0446B300-4663-4E6E-B205-F78085E5D908}.SingleImage|Any CPU.ActiveCfg = Release|Any CPU
		{0446B300-4663-4E6E-B205-F78085E5D908}.SingleImage|Any CPU.Build.0 = Release|Any CPU
		{0446B300-4663-4E6E-B205-F78085E5D908}.SingleImage|x64.ActiveCfg = Release|Any CPU
		{0446B300-4663-4E6E-B205-F78085E5D908}.SingleImage|x86.ActiveCfg = Release|Any CPU
		{B00AE765-8212-43FD-8E70-768A6C20EE93}.CD_ROM|Any CPU.ActiveCfg = Release|Any CPU
		{B00AE765-8212-43FD-8E70-768A6C20EE93}.CD_ROM|Any CPU.Build.0 = Release|Any CPU
		{B00AE765-8212-43FD-8E70-768A6C20EE93}.CD_ROM|x64.ActiveCfg = Release|Any CPU
		{B00AE765-8212-43FD-8E70-768A6C20EE93}.CD_ROM|x86.ActiveCfg = Release|Any CPU
		{B00AE765-8212-43FD-8E70-768A6C20EE93}.Debug|Any CPU.ActiveCfg = Release|Any CPU
		{B00AE765-8212-43FD-8E70-768A6C20EE93}.Debug|x64.ActiveCfg = Debug|x64
		{B00AE765-8212-43FD-8E70-768A6C20EE93}.Debug|x86.ActiveCfg = Debug|x86
		{B00AE765-8212-43FD-8E70-768A6C20EE93}.DVD-5|Any CPU.ActiveCfg = Release|Any CPU
		{B00AE765-8212-43FD-8E70-768A6C20EE93}.DVD-5|Any CPU.Build.0 = Release|Any CPU
		{B00AE765-8212-43FD-8E70-768A6C20EE93}.DVD-5|x64.ActiveCfg = Release|Any CPU
		{B00AE765-8212-43FD-8E70-768A6C20EE93}.DVD-5|x86.ActiveCfg = Release|Any CPU
		{B00AE765-8212-43FD-8E70-768A6C20EE93}.Release|Any CPU.ActiveCfg = Release|Any CPU
		{B00AE765-8212-43FD-8E70-768A6C20EE93}.Release|Any CPU.Build.0 = Release|Any CPU
		{B00AE765-8212-43FD-8E70-768A6C20EE93}.Release|x64.ActiveCfg = Release|x64
		{B00AE765-8212-43FD-8E70-768A6C20EE93}.Release|x64.Build.0 = Release|x64
		{B00AE765-8212-43FD-8E70-768A6C20EE93}.Release|x86.ActiveCfg = Release|x86
		{B00AE765-8212-43FD-8E70-768A6C20EE93}.Release|x86.Build.0 = Release|x86
		{B00AE765-8212-43FD-8E70-768A6C20EE93}.SingleImage|Any CPU.ActiveCfg = Release|Any CPU
		{B00AE765-8212-43FD-8E70-768A6C20EE93}.SingleImage|Any CPU.Build.0 = Release|Any CPU
		{B00AE765-8212-43FD-8E70-768A6C20EE93}.SingleImage|x64.ActiveCfg = Release|Any CPU
		{B00AE765-8212-43FD-8E70-768A6C20EE93}.SingleImage|x86.ActiveCfg = Release|Any CPU
		{27D0D9B3-719C-46B7-9F03-3F91E82E7436}.CD_ROM|Any CPU.ActiveCfg = Release|Any CPU
		{27D0D9B3-719C-46B7-9F03-3F91E82E7436}.CD_ROM|Any CPU.Build.0 = Release|Any CPU
		{27D0D9B3-719C-46B7-9F03-3F91E82E7436}.CD_ROM|x64.ActiveCfg = Release|Any CPU
		{27D0D9B3-719C-46B7-9F03-3F91E82E7436}.CD_ROM|x86.ActiveCfg = Release|Any CPU
		{27D0D9B3-719C-46B7-9F03-3F91E82E7436}.Debug|Any CPU.ActiveCfg = Debug|Any CPU
		{27D0D9B3-719C-46B7-9F03-3F91E82E7436}.Debug|Any CPU.Build.0 = Debug|Any CPU
		{27D0D9B3-719C-46B7-9F03-3F91E82E7436}.Debug|x64.ActiveCfg = Debug|x64
		{27D0D9B3-719C-46B7-9F03-3F91E82E7436}.Debug|x86.ActiveCfg = Debug|x86
		{27D0D9B3-719C-46B7-9F03-3F91E82E7436}.DVD-5|Any CPU.ActiveCfg = Debug|Any CPU
		{27D0D9B3-719C-46B7-9F03-3F91E82E7436}.DVD-5|Any CPU.Build.0 = Debug|Any CPU
		{27D0D9B3-719C-46B7-9F03-3F91E82E7436}.DVD-5|x64.ActiveCfg = Debug|Any CPU
		{27D0D9B3-719C-46B7-9F03-3F91E82E7436}.DVD-5|x86.ActiveCfg = Debug|Any CPU
		{27D0D9B3-719C-46B7-9F03-3F91E82E7436}.Release|Any CPU.ActiveCfg = Release|Any CPU
		{27D0D9B3-719C-46B7-9F03-3F91E82E7436}.Release|Any CPU.Build.0 = Release|Any CPU
		{27D0D9B3-719C-46B7-9F03-3F91E82E7436}.Release|x64.ActiveCfg = Release|x64
		{27D0D9B3-719C-46B7-9F03-3F91E82E7436}.Release|x64.Build.0 = Release|x64
		{27D0D9B3-719C-46B7-9F03-3F91E82E7436}.Release|x86.ActiveCfg = Release|x86
		{27D0D9B3-719C-46B7-9F03-3F91E82E7436}.Release|x86.Build.0 = Release|x86
		{27D0D9B3-719C-46B7-9F03-3F91E82E7436}.SingleImage|Any CPU.ActiveCfg = Release|Any CPU
		{27D0D9B3-719C-46B7-9F03-3F91E82E7436}.SingleImage|Any CPU.Build.0 = Release|Any CPU
		{27D0D9B3-719C-46B7-9F03-3F91E82E7436}.SingleImage|x64.ActiveCfg = Release|Any CPU
		{27D0D9B3-719C-46B7-9F03-3F91E82E7436}.SingleImage|x86.ActiveCfg = Release|Any CPU
		{1A3066D9-B48C-4EC1-AC93-4B0BBE5AA812}.CD_ROM|Any CPU.ActiveCfg = Release|Any CPU
		{1A3066D9-B48C-4EC1-AC93-4B0BBE5AA812}.CD_ROM|Any CPU.Build.0 = Release|Any CPU
		{1A3066D9-B48C-4EC1-AC93-4B0BBE5AA812}.CD_ROM|x64.ActiveCfg = Release|Any CPU
		{1A3066D9-B48C-4EC1-AC93-4B0BBE5AA812}.CD_ROM|x86.ActiveCfg = Release|Any CPU
		{1A3066D9-B48C-4EC1-AC93-4B0BBE5AA812}.Debug|Any CPU.ActiveCfg = Debug|Any CPU
		{1A3066D9-B48C-4EC1-AC93-4B0BBE5AA812}.Debug|Any CPU.Build.0 = Debug|Any CPU
		{1A3066D9-B48C-4EC1-AC93-4B0BBE5AA812}.Debug|x64.ActiveCfg = Debug|x64
		{1A3066D9-B48C-4EC1-AC93-4B0BBE5AA812}.Debug|x86.ActiveCfg = Debug|x86
		{1A3066D9-B48C-4EC1-AC93-4B0BBE5AA812}.DVD-5|Any CPU.ActiveCfg = Debug|Any CPU
		{1A3066D9-B48C-4EC1-AC93-4B0BBE5AA812}.DVD-5|Any CPU.Build.0 = Debug|Any CPU
		{1A3066D9-B48C-4EC1-AC93-4B0BBE5AA812}.DVD-5|x64.ActiveCfg = Debug|Any CPU
		{1A3066D9-B48C-4EC1-AC93-4B0BBE5AA812}.DVD-5|x86.ActiveCfg = Debug|Any CPU
		{1A3066D9-B48C-4EC1-AC93-4B0BBE5AA812}.Release|Any CPU.ActiveCfg = Release|Any CPU
		{1A3066D9-B48C-4EC1-AC93-4B0BBE5AA812}.Release|Any CPU.Build.0 = Release|Any CPU
		{1A3066D9-B48C-4EC1-AC93-4B0BBE5AA812}.Release|x64.ActiveCfg = Release|x64
		{1A3066D9-B48C-4EC1-AC93-4B0BBE5AA812}.Release|x64.Build.0 = Release|x64
		{1A3066D9-B48C-4EC1-AC93-4B0BBE5AA812}.Release|x86.ActiveCfg = Release|x86
		{1A3066D9-B48C-4EC1-AC93-4B0BBE5AA812}.Release|x86.Build.0 = Release|x86
		{1A3066D9-B48C-4EC1-AC93-4B0BBE5AA812}.SingleImage|Any CPU.ActiveCfg = Release|Any CPU
		{1A3066D9-B48C-4EC1-AC93-4B0BBE5AA812}.SingleImage|Any CPU.Build.0 = Release|Any CPU
		{1A3066D9-B48C-4EC1-AC93-4B0BBE5AA812}.SingleImage|x64.ActiveCfg = Release|Any CPU
		{1A3066D9-B48C-4EC1-AC93-4B0BBE5AA812}.SingleImage|x86.ActiveCfg = Release|Any CPU
		{AEC98F52-83F5-488D-99EF-8AFFE7C9F6E6}.CD_ROM|Any CPU.ActiveCfg = Release|Any CPU
		{AEC98F52-83F5-488D-99EF-8AFFE7C9F6E6}.CD_ROM|Any CPU.Build.0 = Release|Any CPU
		{AEC98F52-83F5-488D-99EF-8AFFE7C9F6E6}.CD_ROM|x64.ActiveCfg = Release|Any CPU
		{AEC98F52-83F5-488D-99EF-8AFFE7C9F6E6}.CD_ROM|x86.ActiveCfg = Release|Any CPU
		{AEC98F52-83F5-488D-99EF-8AFFE7C9F6E6}.Debug|Any CPU.ActiveCfg = Debug|Any CPU
		{AEC98F52-83F5-488D-99EF-8AFFE7C9F6E6}.Debug|x64.ActiveCfg = Debug|x64
		{AEC98F52-83F5-488D-99EF-8AFFE7C9F6E6}.Debug|x86.ActiveCfg = Debug|x86
		{AEC98F52-83F5-488D-99EF-8AFFE7C9F6E6}.DVD-5|Any CPU.ActiveCfg = Debug|Any CPU
		{AEC98F52-83F5-488D-99EF-8AFFE7C9F6E6}.DVD-5|Any CPU.Build.0 = Debug|Any CPU
		{AEC98F52-83F5-488D-99EF-8AFFE7C9F6E6}.DVD-5|x64.ActiveCfg = Debug|Any CPU
		{AEC98F52-83F5-488D-99EF-8AFFE7C9F6E6}.DVD-5|x86.ActiveCfg = Debug|Any CPU
		{AEC98F52-83F5-488D-99EF-8AFFE7C9F6E6}.Release|Any CPU.ActiveCfg = Release|Any CPU
		{AEC98F52-83F5-488D-99EF-8AFFE7C9F6E6}.Release|Any CPU.Build.0 = Release|Any CPU
		{AEC98F52-83F5-488D-99EF-8AFFE7C9F6E6}.Release|x64.ActiveCfg = Release|x64
		{AEC98F52-83F5-488D-99EF-8AFFE7C9F6E6}.Release|x64.Build.0 = Release|x64
		{AEC98F52-83F5-488D-99EF-8AFFE7C9F6E6}.Release|x86.ActiveCfg = Release|x86
		{AEC98F52-83F5-488D-99EF-8AFFE7C9F6E6}.Release|x86.Build.0 = Release|x86
		{AEC98F52-83F5-488D-99EF-8AFFE7C9F6E6}.SingleImage|Any CPU.ActiveCfg = Release|Any CPU
		{AEC98F52-83F5-488D-99EF-8AFFE7C9F6E6}.SingleImage|Any CPU.Build.0 = Release|Any CPU
		{AEC98F52-83F5-488D-99EF-8AFFE7C9F6E6}.SingleImage|x64.ActiveCfg = Release|Any CPU
		{AEC98F52-83F5-488D-99EF-8AFFE7C9F6E6}.SingleImage|x86.ActiveCfg = Release|Any CPU
		{9D0F3ECF-AF2E-4A59-9834-0E83D3E272D8}.CD_ROM|Any CPU.ActiveCfg = Release|Any CPU
		{9D0F3ECF-AF2E-4A59-9834-0E83D3E272D8}.CD_ROM|Any CPU.Build.0 = Release|Any CPU
		{9D0F3ECF-AF2E-4A59-9834-0E83D3E272D8}.CD_ROM|x64.ActiveCfg = Release|Any CPU
		{9D0F3ECF-AF2E-4A59-9834-0E83D3E272D8}.CD_ROM|x86.ActiveCfg = Release|x86
		{9D0F3ECF-AF2E-4A59-9834-0E83D3E272D8}.CD_ROM|x86.Build.0 = Release|x86
		{9D0F3ECF-AF2E-4A59-9834-0E83D3E272D8}.Debug|Any CPU.ActiveCfg = Debug|Any CPU
		{9D0F3ECF-AF2E-4A59-9834-0E83D3E272D8}.Debug|x64.ActiveCfg = Debug|x64
		{9D0F3ECF-AF2E-4A59-9834-0E83D3E272D8}.Debug|x86.ActiveCfg = Debug|x86
		{9D0F3ECF-AF2E-4A59-9834-0E83D3E272D8}.DVD-5|Any CPU.ActiveCfg = Debug|Any CPU
		{9D0F3ECF-AF2E-4A59-9834-0E83D3E272D8}.DVD-5|Any CPU.Build.0 = Debug|Any CPU
		{9D0F3ECF-AF2E-4A59-9834-0E83D3E272D8}.DVD-5|x64.ActiveCfg = Debug|Any CPU
		{9D0F3ECF-AF2E-4A59-9834-0E83D3E272D8}.DVD-5|x86.ActiveCfg = Debug|x86
		{9D0F3ECF-AF2E-4A59-9834-0E83D3E272D8}.DVD-5|x86.Build.0 = Debug|x86
		{9D0F3ECF-AF2E-4A59-9834-0E83D3E272D8}.Release|Any CPU.ActiveCfg = Release|Any CPU
		{9D0F3ECF-AF2E-4A59-9834-0E83D3E272D8}.Release|Any CPU.Build.0 = Release|Any CPU
		{9D0F3ECF-AF2E-4A59-9834-0E83D3E272D8}.Release|x64.ActiveCfg = Release|x64
		{9D0F3ECF-AF2E-4A59-9834-0E83D3E272D8}.Release|x64.Build.0 = Release|x64
		{9D0F3ECF-AF2E-4A59-9834-0E83D3E272D8}.Release|x86.ActiveCfg = Release|x86
		{9D0F3ECF-AF2E-4A59-9834-0E83D3E272D8}.Release|x86.Build.0 = Release|x86
		{9D0F3ECF-AF2E-4A59-9834-0E83D3E272D8}.SingleImage|Any CPU.ActiveCfg = Release|Any CPU
		{9D0F3ECF-AF2E-4A59-9834-0E83D3E272D8}.SingleImage|Any CPU.Build.0 = Release|Any CPU
		{9D0F3ECF-AF2E-4A59-9834-0E83D3E272D8}.SingleImage|x64.ActiveCfg = Release|Any CPU
		{9D0F3ECF-AF2E-4A59-9834-0E83D3E272D8}.SingleImage|x86.ActiveCfg = Release|x86
		{9D0F3ECF-AF2E-4A59-9834-0E83D3E272D8}.SingleImage|x86.Build.0 = Release|x86
		{30A6157B-92EB-4FA5-8521-6F00255903BE}.CD_ROM|Any CPU.ActiveCfg = Release|Any CPU
		{30A6157B-92EB-4FA5-8521-6F00255903BE}.CD_ROM|Any CPU.Build.0 = Release|Any CPU
		{30A6157B-92EB-4FA5-8521-6F00255903BE}.CD_ROM|x64.ActiveCfg = Release|Any CPU
		{30A6157B-92EB-4FA5-8521-6F00255903BE}.CD_ROM|x86.ActiveCfg = Release|x86
		{30A6157B-92EB-4FA5-8521-6F00255903BE}.CD_ROM|x86.Build.0 = Release|x86
		{30A6157B-92EB-4FA5-8521-6F00255903BE}.Debug|Any CPU.ActiveCfg = Debug|Any CPU
		{30A6157B-92EB-4FA5-8521-6F00255903BE}.Debug|Any CPU.Build.0 = Debug|Any CPU
		{30A6157B-92EB-4FA5-8521-6F00255903BE}.Debug|x64.ActiveCfg = Debug|x64
		{30A6157B-92EB-4FA5-8521-6F00255903BE}.Debug|x86.ActiveCfg = Debug|x86
		{30A6157B-92EB-4FA5-8521-6F00255903BE}.DVD-5|Any CPU.ActiveCfg = Debug|Any CPU
		{30A6157B-92EB-4FA5-8521-6F00255903BE}.DVD-5|Any CPU.Build.0 = Debug|Any CPU
		{30A6157B-92EB-4FA5-8521-6F00255903BE}.DVD-5|x64.ActiveCfg = Debug|Any CPU
		{30A6157B-92EB-4FA5-8521-6F00255903BE}.DVD-5|x86.ActiveCfg = Debug|x86
		{30A6157B-92EB-4FA5-8521-6F00255903BE}.DVD-5|x86.Build.0 = Debug|x86
		{30A6157B-92EB-4FA5-8521-6F00255903BE}.Release|Any CPU.ActiveCfg = Release|Any CPU
		{30A6157B-92EB-4FA5-8521-6F00255903BE}.Release|Any CPU.Build.0 = Release|Any CPU
		{30A6157B-92EB-4FA5-8521-6F00255903BE}.Release|x64.ActiveCfg = Release|x64
		{30A6157B-92EB-4FA5-8521-6F00255903BE}.Release|x64.Build.0 = Release|x64
		{30A6157B-92EB-4FA5-8521-6F00255903BE}.Release|x86.ActiveCfg = Release|x86
		{30A6157B-92EB-4FA5-8521-6F00255903BE}.Release|x86.Build.0 = Release|x86
		{30A6157B-92EB-4FA5-8521-6F00255903BE}.SingleImage|Any CPU.ActiveCfg = Release|Any CPU
		{30A6157B-92EB-4FA5-8521-6F00255903BE}.SingleImage|Any CPU.Build.0 = Release|Any CPU
		{30A6157B-92EB-4FA5-8521-6F00255903BE}.SingleImage|x64.ActiveCfg = Release|Any CPU
		{30A6157B-92EB-4FA5-8521-6F00255903BE}.SingleImage|x86.ActiveCfg = Release|x86
		{30A6157B-92EB-4FA5-8521-6F00255903BE}.SingleImage|x86.Build.0 = Release|x86
		{B456B610-7C31-4B25-B875-4FBA4C34ECDF}.CD_ROM|Any CPU.ActiveCfg = Release|Any CPU
		{B456B610-7C31-4B25-B875-4FBA4C34ECDF}.CD_ROM|Any CPU.Build.0 = Release|Any CPU
		{B456B610-7C31-4B25-B875-4FBA4C34ECDF}.CD_ROM|x64.ActiveCfg = Release|x64
		{B456B610-7C31-4B25-B875-4FBA4C34ECDF}.CD_ROM|x64.Build.0 = Release|x64
		{B456B610-7C31-4B25-B875-4FBA4C34ECDF}.CD_ROM|x86.ActiveCfg = Release|x86
		{B456B610-7C31-4B25-B875-4FBA4C34ECDF}.CD_ROM|x86.Build.0 = Release|x86
		{B456B610-7C31-4B25-B875-4FBA4C34ECDF}.Debug|Any CPU.ActiveCfg = Debug|Any CPU
		{B456B610-7C31-4B25-B875-4FBA4C34ECDF}.Debug|x64.ActiveCfg = Debug|x64
		{B456B610-7C31-4B25-B875-4FBA4C34ECDF}.Debug|x64.Build.0 = Debug|x64
		{B456B610-7C31-4B25-B875-4FBA4C34ECDF}.Debug|x86.ActiveCfg = Debug|x86
		{B456B610-7C31-4B25-B875-4FBA4C34ECDF}.DVD-5|Any CPU.ActiveCfg = Debug|Any CPU
		{B456B610-7C31-4B25-B875-4FBA4C34ECDF}.DVD-5|Any CPU.Build.0 = Debug|Any CPU
		{B456B610-7C31-4B25-B875-4FBA4C34ECDF}.DVD-5|x64.ActiveCfg = Debug|x64
		{B456B610-7C31-4B25-B875-4FBA4C34ECDF}.DVD-5|x64.Build.0 = Debug|x64
		{B456B610-7C31-4B25-B875-4FBA4C34ECDF}.DVD-5|x86.ActiveCfg = Debug|x86
		{B456B610-7C31-4B25-B875-4FBA4C34ECDF}.DVD-5|x86.Build.0 = Debug|x86
		{B456B610-7C31-4B25-B875-4FBA4C34ECDF}.Release|Any CPU.ActiveCfg = Release|Any CPU
		{B456B610-7C31-4B25-B875-4FBA4C34ECDF}.Release|Any CPU.Build.0 = Release|Any CPU
		{B456B610-7C31-4B25-B875-4FBA4C34ECDF}.Release|x64.ActiveCfg = Release|x64
		{B456B610-7C31-4B25-B875-4FBA4C34ECDF}.Release|x64.Build.0 = Release|x64
		{B456B610-7C31-4B25-B875-4FBA4C34ECDF}.Release|x86.ActiveCfg = Release|x86
		{B456B610-7C31-4B25-B875-4FBA4C34ECDF}.Release|x86.Build.0 = Release|x86
		{B456B610-7C31-4B25-B875-4FBA4C34ECDF}.SingleImage|Any CPU.ActiveCfg = Release|Any CPU
		{B456B610-7C31-4B25-B875-4FBA4C34ECDF}.SingleImage|Any CPU.Build.0 = Release|Any CPU
		{B456B610-7C31-4B25-B875-4FBA4C34ECDF}.SingleImage|x64.ActiveCfg = Release|x64
		{B456B610-7C31-4B25-B875-4FBA4C34ECDF}.SingleImage|x64.Build.0 = Release|x64
		{B456B610-7C31-4B25-B875-4FBA4C34ECDF}.SingleImage|x86.ActiveCfg = Release|x86
		{B456B610-7C31-4B25-B875-4FBA4C34ECDF}.SingleImage|x86.Build.0 = Release|x86
		{D8187EA2-CE6F-4EC6-9CA7-74A3FA2129E9}.CD_ROM|Any CPU.ActiveCfg = Release|Any CPU
		{D8187EA2-CE6F-4EC6-9CA7-74A3FA2129E9}.CD_ROM|Any CPU.Build.0 = Release|Any CPU
		{D8187EA2-CE6F-4EC6-9CA7-74A3FA2129E9}.CD_ROM|x64.ActiveCfg = Release|Any CPU
		{D8187EA2-CE6F-4EC6-9CA7-74A3FA2129E9}.CD_ROM|x86.ActiveCfg = Release|x86
		{D8187EA2-CE6F-4EC6-9CA7-74A3FA2129E9}.CD_ROM|x86.Build.0 = Release|x86
		{D8187EA2-CE6F-4EC6-9CA7-74A3FA2129E9}.Debug|Any CPU.ActiveCfg = Debug|Any CPU
		{D8187EA2-CE6F-4EC6-9CA7-74A3FA2129E9}.Debug|Any CPU.Build.0 = Debug|Any CPU
		{D8187EA2-CE6F-4EC6-9CA7-74A3FA2129E9}.Debug|x64.ActiveCfg = Debug|x64
		{D8187EA2-CE6F-4EC6-9CA7-74A3FA2129E9}.Debug|x86.ActiveCfg = Debug|x86
		{D8187EA2-CE6F-4EC6-9CA7-74A3FA2129E9}.DVD-5|Any CPU.ActiveCfg = Debug|Any CPU
		{D8187EA2-CE6F-4EC6-9CA7-74A3FA2129E9}.DVD-5|Any CPU.Build.0 = Debug|Any CPU
		{D8187EA2-CE6F-4EC6-9CA7-74A3FA2129E9}.DVD-5|x64.ActiveCfg = Debug|Any CPU
		{D8187EA2-CE6F-4EC6-9CA7-74A3FA2129E9}.DVD-5|x86.ActiveCfg = Debug|x86
		{D8187EA2-CE6F-4EC6-9CA7-74A3FA2129E9}.DVD-5|x86.Build.0 = Debug|x86
		{D8187EA2-CE6F-4EC6-9CA7-74A3FA2129E9}.Release|Any CPU.ActiveCfg = Release|Any CPU
		{D8187EA2-CE6F-4EC6-9CA7-74A3FA2129E9}.Release|Any CPU.Build.0 = Release|Any CPU
		{D8187EA2-CE6F-4EC6-9CA7-74A3FA2129E9}.Release|x64.ActiveCfg = Release|x64
		{D8187EA2-CE6F-4EC6-9CA7-74A3FA2129E9}.Release|x64.Build.0 = Release|x64
		{D8187EA2-CE6F-4EC6-9CA7-74A3FA2129E9}.Release|x86.ActiveCfg = Release|x86
		{D8187EA2-CE6F-4EC6-9CA7-74A3FA2129E9}.Release|x86.Build.0 = Release|x86
		{D8187EA2-CE6F-4EC6-9CA7-74A3FA2129E9}.SingleImage|Any CPU.ActiveCfg = Release|Any CPU
		{D8187EA2-CE6F-4EC6-9CA7-74A3FA2129E9}.SingleImage|Any CPU.Build.0 = Release|Any CPU
		{D8187EA2-CE6F-4EC6-9CA7-74A3FA2129E9}.SingleImage|x64.ActiveCfg = Release|Any CPU
		{D8187EA2-CE6F-4EC6-9CA7-74A3FA2129E9}.SingleImage|x86.ActiveCfg = Release|x86
		{D8187EA2-CE6F-4EC6-9CA7-74A3FA2129E9}.SingleImage|x86.Build.0 = Release|x86
		{7A515B50-FA79-4770-A2B6-F3C5FABAC15D}.CD_ROM|Any CPU.ActiveCfg = Release|Any CPU
		{7A515B50-FA79-4770-A2B6-F3C5FABAC15D}.CD_ROM|Any CPU.Build.0 = Release|Any CPU
		{7A515B50-FA79-4770-A2B6-F3C5FABAC15D}.CD_ROM|x64.ActiveCfg = Release|Any CPU
		{7A515B50-FA79-4770-A2B6-F3C5FABAC15D}.CD_ROM|x86.ActiveCfg = Release|Any CPU
		{7A515B50-FA79-4770-A2B6-F3C5FABAC15D}.Debug|Any CPU.ActiveCfg = Debug|Any CPU
		{7A515B50-FA79-4770-A2B6-F3C5FABAC15D}.Debug|Any CPU.Build.0 = Debug|Any CPU
		{7A515B50-FA79-4770-A2B6-F3C5FABAC15D}.Debug|x64.ActiveCfg = Debug|x64
		{7A515B50-FA79-4770-A2B6-F3C5FABAC15D}.Debug|x86.ActiveCfg = Debug|x86
		{7A515B50-FA79-4770-A2B6-F3C5FABAC15D}.Debug|x86.Build.0 = Debug|x86
		{7A515B50-FA79-4770-A2B6-F3C5FABAC15D}.DVD-5|Any CPU.ActiveCfg = Debug|Any CPU
		{7A515B50-FA79-4770-A2B6-F3C5FABAC15D}.DVD-5|Any CPU.Build.0 = Debug|Any CPU
		{7A515B50-FA79-4770-A2B6-F3C5FABAC15D}.DVD-5|x64.ActiveCfg = Debug|Any CPU
		{7A515B50-FA79-4770-A2B6-F3C5FABAC15D}.DVD-5|x86.ActiveCfg = Debug|Any CPU
		{7A515B50-FA79-4770-A2B6-F3C5FABAC15D}.Release|Any CPU.ActiveCfg = Release|Any CPU
		{7A515B50-FA79-4770-A2B6-F3C5FABAC15D}.Release|Any CPU.Build.0 = Release|Any CPU
		{7A515B50-FA79-4770-A2B6-F3C5FABAC15D}.Release|x64.ActiveCfg = Release|x64
		{7A515B50-FA79-4770-A2B6-F3C5FABAC15D}.Release|x64.Build.0 = Release|x64
		{7A515B50-FA79-4770-A2B6-F3C5FABAC15D}.Release|x86.ActiveCfg = Release|x86
		{7A515B50-FA79-4770-A2B6-F3C5FABAC15D}.Release|x86.Build.0 = Release|x86
		{7A515B50-FA79-4770-A2B6-F3C5FABAC15D}.SingleImage|Any CPU.ActiveCfg = Release|Any CPU
		{7A515B50-FA79-4770-A2B6-F3C5FABAC15D}.SingleImage|Any CPU.Build.0 = Release|Any CPU
		{7A515B50-FA79-4770-A2B6-F3C5FABAC15D}.SingleImage|x64.ActiveCfg = Release|Any CPU
		{7A515B50-FA79-4770-A2B6-F3C5FABAC15D}.SingleImage|x86.ActiveCfg = Release|Any CPU
		{AF804B7C-5E0D-4C50-A261-B8EFD05EACC7}.CD_ROM|Any CPU.ActiveCfg = CD_ROM
		{AF804B7C-5E0D-4C50-A261-B8EFD05EACC7}.CD_ROM|Any CPU.Build.0 = CD_ROM
		{AF804B7C-5E0D-4C50-A261-B8EFD05EACC7}.CD_ROM|x64.ActiveCfg = CD_ROM
		{AF804B7C-5E0D-4C50-A261-B8EFD05EACC7}.CD_ROM|x64.Build.0 = CD_ROM
		{AF804B7C-5E0D-4C50-A261-B8EFD05EACC7}.CD_ROM|x86.ActiveCfg = CD_ROM
		{AF804B7C-5E0D-4C50-A261-B8EFD05EACC7}.CD_ROM|x86.Build.0 = CD_ROM
		{AF804B7C-5E0D-4C50-A261-B8EFD05EACC7}.Debug|Any CPU.ActiveCfg = SingleImage
		{AF804B7C-5E0D-4C50-A261-B8EFD05EACC7}.Debug|x64.ActiveCfg = DVD-5
		{AF804B7C-5E0D-4C50-A261-B8EFD05EACC7}.Debug|x64.Build.0 = DVD-5
		{AF804B7C-5E0D-4C50-A261-B8EFD05EACC7}.Debug|x86.ActiveCfg = DVD-5
		{AF804B7C-5E0D-4C50-A261-B8EFD05EACC7}.DVD-5|Any CPU.ActiveCfg = DVD-5
		{AF804B7C-5E0D-4C50-A261-B8EFD05EACC7}.DVD-5|Any CPU.Build.0 = DVD-5
		{AF804B7C-5E0D-4C50-A261-B8EFD05EACC7}.DVD-5|x64.ActiveCfg = DVD-5
		{AF804B7C-5E0D-4C50-A261-B8EFD05EACC7}.DVD-5|x64.Build.0 = DVD-5
		{AF804B7C-5E0D-4C50-A261-B8EFD05EACC7}.DVD-5|x86.ActiveCfg = DVD-5
		{AF804B7C-5E0D-4C50-A261-B8EFD05EACC7}.DVD-5|x86.Build.0 = DVD-5
		{AF804B7C-5E0D-4C50-A261-B8EFD05EACC7}.Release|Any CPU.ActiveCfg = SingleImage
		{AF804B7C-5E0D-4C50-A261-B8EFD05EACC7}.Release|Any CPU.Build.0 = SingleImage
		{AF804B7C-5E0D-4C50-A261-B8EFD05EACC7}.Release|x64.ActiveCfg = SingleImage
		{AF804B7C-5E0D-4C50-A261-B8EFD05EACC7}.Release|x64.Build.0 = SingleImage
		{AF804B7C-5E0D-4C50-A261-B8EFD05EACC7}.Release|x86.ActiveCfg = SingleImage
		{AF804B7C-5E0D-4C50-A261-B8EFD05EACC7}.Release|x86.Build.0 = SingleImage
		{AF804B7C-5E0D-4C50-A261-B8EFD05EACC7}.SingleImage|Any CPU.ActiveCfg = SingleImage
		{AF804B7C-5E0D-4C50-A261-B8EFD05EACC7}.SingleImage|Any CPU.Build.0 = SingleImage
		{AF804B7C-5E0D-4C50-A261-B8EFD05EACC7}.SingleImage|x64.ActiveCfg = SingleImage
		{AF804B7C-5E0D-4C50-A261-B8EFD05EACC7}.SingleImage|x64.Build.0 = SingleImage
		{AF804B7C-5E0D-4C50-A261-B8EFD05EACC7}.SingleImage|x86.ActiveCfg = SingleImage
		{AF804B7C-5E0D-4C50-A261-B8EFD05EACC7}.SingleImage|x86.Build.0 = SingleImage
		{25649F08-3046-4891-ADB8-7EA787B57063}.CD_ROM|Any CPU.ActiveCfg = Release|Any CPU
		{25649F08-3046-4891-ADB8-7EA787B57063}.CD_ROM|Any CPU.Build.0 = Release|Any CPU
		{25649F08-3046-4891-ADB8-7EA787B57063}.CD_ROM|x64.ActiveCfg = Release|Any CPU
		{25649F08-3046-4891-ADB8-7EA787B57063}.CD_ROM|x86.ActiveCfg = Release|Any CPU
		{25649F08-3046-4891-ADB8-7EA787B57063}.Debug|Any CPU.ActiveCfg = Debug|Any CPU
		{25649F08-3046-4891-ADB8-7EA787B57063}.Debug|Any CPU.Build.0 = Debug|Any CPU
		{25649F08-3046-4891-ADB8-7EA787B57063}.Debug|x64.ActiveCfg = Debug|Any CPU
		{25649F08-3046-4891-ADB8-7EA787B57063}.Debug|x86.ActiveCfg = Debug|Any CPU
		{25649F08-3046-4891-ADB8-7EA787B57063}.Debug|x86.Build.0 = Debug|Any CPU
		{25649F08-3046-4891-ADB8-7EA787B57063}.DVD-5|Any CPU.ActiveCfg = Debug|Any CPU
		{25649F08-3046-4891-ADB8-7EA787B57063}.DVD-5|Any CPU.Build.0 = Debug|Any CPU
		{25649F08-3046-4891-ADB8-7EA787B57063}.DVD-5|x64.ActiveCfg = Debug|Any CPU
		{25649F08-3046-4891-ADB8-7EA787B57063}.DVD-5|x86.ActiveCfg = Debug|Any CPU
		{25649F08-3046-4891-ADB8-7EA787B57063}.Release|Any CPU.ActiveCfg = Release|Any CPU
		{25649F08-3046-4891-ADB8-7EA787B57063}.Release|Any CPU.Build.0 = Release|Any CPU
		{25649F08-3046-4891-ADB8-7EA787B57063}.Release|x64.ActiveCfg = Release|Any CPU
		{25649F08-3046-4891-ADB8-7EA787B57063}.Release|x86.ActiveCfg = Release|Any CPU
		{25649F08-3046-4891-ADB8-7EA787B57063}.SingleImage|Any CPU.ActiveCfg = Release|Any CPU
		{25649F08-3046-4891-ADB8-7EA787B57063}.SingleImage|Any CPU.Build.0 = Release|Any CPU
		{25649F08-3046-4891-ADB8-7EA787B57063}.SingleImage|x64.ActiveCfg = Release|Any CPU
		{25649F08-3046-4891-ADB8-7EA787B57063}.SingleImage|x86.ActiveCfg = Release|Any CPU
		{CB580CB9-6597-4EDB-AA6C-B44F5AED87CE}.CD_ROM|Any CPU.ActiveCfg = Release|Any CPU
		{CB580CB9-6597-4EDB-AA6C-B44F5AED87CE}.CD_ROM|Any CPU.Build.0 = Release|Any CPU
		{CB580CB9-6597-4EDB-AA6C-B44F5AED87CE}.CD_ROM|x64.ActiveCfg = Release|Any CPU
		{CB580CB9-6597-4EDB-AA6C-B44F5AED87CE}.CD_ROM|x86.ActiveCfg = Release|Any CPU
		{CB580CB9-6597-4EDB-AA6C-B44F5AED87CE}.Debug|Any CPU.ActiveCfg = Debug|Any CPU
		{CB580CB9-6597-4EDB-AA6C-B44F5AED87CE}.Debug|Any CPU.Build.0 = Debug|Any CPU
		{CB580CB9-6597-4EDB-AA6C-B44F5AED87CE}.Debug|x64.ActiveCfg = Debug|x64
		{CB580CB9-6597-4EDB-AA6C-B44F5AED87CE}.Debug|x86.ActiveCfg = Debug|x86
		{CB580CB9-6597-4EDB-AA6C-B44F5AED87CE}.DVD-5|Any CPU.ActiveCfg = Debug|Any CPU
		{CB580CB9-6597-4EDB-AA6C-B44F5AED87CE}.DVD-5|Any CPU.Build.0 = Debug|Any CPU
		{CB580CB9-6597-4EDB-AA6C-B44F5AED87CE}.DVD-5|x64.ActiveCfg = Debug|Any CPU
		{CB580CB9-6597-4EDB-AA6C-B44F5AED87CE}.DVD-5|x86.ActiveCfg = Debug|Any CPU
		{CB580CB9-6597-4EDB-AA6C-B44F5AED87CE}.Release|Any CPU.ActiveCfg = Release|Any CPU
		{CB580CB9-6597-4EDB-AA6C-B44F5AED87CE}.Release|Any CPU.Build.0 = Release|Any CPU
		{CB580CB9-6597-4EDB-AA6C-B44F5AED87CE}.Release|x64.ActiveCfg = Release|x64
		{CB580CB9-6597-4EDB-AA6C-B44F5AED87CE}.Release|x64.Build.0 = Release|x64
		{CB580CB9-6597-4EDB-AA6C-B44F5AED87CE}.Release|x86.ActiveCfg = Release|x86
		{CB580CB9-6597-4EDB-AA6C-B44F5AED87CE}.Release|x86.Build.0 = Release|x86
		{CB580CB9-6597-4EDB-AA6C-B44F5AED87CE}.SingleImage|Any CPU.ActiveCfg = Release|Any CPU
		{CB580CB9-6597-4EDB-AA6C-B44F5AED87CE}.SingleImage|Any CPU.Build.0 = Release|Any CPU
		{CB580CB9-6597-4EDB-AA6C-B44F5AED87CE}.SingleImage|x64.ActiveCfg = Release|Any CPU
		{CB580CB9-6597-4EDB-AA6C-B44F5AED87CE}.SingleImage|x86.ActiveCfg = Release|Any CPU
		{6249D229-C3E1-4775-9840-187BCE72550D}.CD_ROM|Any CPU.ActiveCfg = Release|Any CPU
		{6249D229-C3E1-4775-9840-187BCE72550D}.CD_ROM|Any CPU.Build.0 = Release|Any CPU
		{6249D229-C3E1-4775-9840-187BCE72550D}.CD_ROM|x64.ActiveCfg = Release|Any CPU
		{6249D229-C3E1-4775-9840-187BCE72550D}.CD_ROM|x86.ActiveCfg = Release|Any CPU
		{6249D229-C3E1-4775-9840-187BCE72550D}.Debug|Any CPU.ActiveCfg = Debug|Any CPU
		{6249D229-C3E1-4775-9840-187BCE72550D}.Debug|Any CPU.Build.0 = Debug|Any CPU
		{6249D229-C3E1-4775-9840-187BCE72550D}.Debug|x64.ActiveCfg = Debug|x64
		{6249D229-C3E1-4775-9840-187BCE72550D}.Debug|x86.ActiveCfg = Debug|x86
		{6249D229-C3E1-4775-9840-187BCE72550D}.DVD-5|Any CPU.ActiveCfg = Debug|Any CPU
		{6249D229-C3E1-4775-9840-187BCE72550D}.DVD-5|Any CPU.Build.0 = Debug|Any CPU
		{6249D229-C3E1-4775-9840-187BCE72550D}.DVD-5|x64.ActiveCfg = Debug|Any CPU
		{6249D229-C3E1-4775-9840-187BCE72550D}.DVD-5|x86.ActiveCfg = Debug|Any CPU
		{6249D229-C3E1-4775-9840-187BCE72550D}.Release|Any CPU.ActiveCfg = Release|Any CPU
		{6249D229-C3E1-4775-9840-187BCE72550D}.Release|Any CPU.Build.0 = Release|Any CPU
		{6249D229-C3E1-4775-9840-187BCE72550D}.Release|x64.ActiveCfg = Release|x64
		{6249D229-C3E1-4775-9840-187BCE72550D}.Release|x64.Build.0 = Release|x64
		{6249D229-C3E1-4775-9840-187BCE72550D}.Release|x86.ActiveCfg = Release|x86
		{6249D229-C3E1-4775-9840-187BCE72550D}.Release|x86.Build.0 = Release|x86
		{6249D229-C3E1-4775-9840-187BCE72550D}.SingleImage|Any CPU.ActiveCfg = Release|Any CPU
		{6249D229-C3E1-4775-9840-187BCE72550D}.SingleImage|Any CPU.Build.0 = Release|Any CPU
		{6249D229-C3E1-4775-9840-187BCE72550D}.SingleImage|x64.ActiveCfg = Release|Any CPU
		{6249D229-C3E1-4775-9840-187BCE72550D}.SingleImage|x86.ActiveCfg = Release|Any CPU
		{842A60A3-0093-40D9-8607-DC098DE3B2A4}.CD_ROM|Any CPU.ActiveCfg = CD_ROM
		{842A60A3-0093-40D9-8607-DC098DE3B2A4}.CD_ROM|Any CPU.Build.0 = CD_ROM
		{842A60A3-0093-40D9-8607-DC098DE3B2A4}.CD_ROM|x64.ActiveCfg = CD_ROM
		{842A60A3-0093-40D9-8607-DC098DE3B2A4}.CD_ROM|x64.Build.0 = CD_ROM
		{842A60A3-0093-40D9-8607-DC098DE3B2A4}.CD_ROM|x86.ActiveCfg = CD_ROM
		{842A60A3-0093-40D9-8607-DC098DE3B2A4}.CD_ROM|x86.Build.0 = CD_ROM
		{842A60A3-0093-40D9-8607-DC098DE3B2A4}.Debug|Any CPU.ActiveCfg = DVD-5
		{842A60A3-0093-40D9-8607-DC098DE3B2A4}.Debug|Any CPU.Build.0 = DVD-5
		{842A60A3-0093-40D9-8607-DC098DE3B2A4}.Debug|x64.ActiveCfg = DVD-5
		{842A60A3-0093-40D9-8607-DC098DE3B2A4}.Debug|x64.Build.0 = DVD-5
		{842A60A3-0093-40D9-8607-DC098DE3B2A4}.Debug|x86.ActiveCfg = DVD-5
		{842A60A3-0093-40D9-8607-DC098DE3B2A4}.DVD-5|Any CPU.ActiveCfg = DVD-5
		{842A60A3-0093-40D9-8607-DC098DE3B2A4}.DVD-5|Any CPU.Build.0 = DVD-5
		{842A60A3-0093-40D9-8607-DC098DE3B2A4}.DVD-5|x64.ActiveCfg = DVD-5
		{842A60A3-0093-40D9-8607-DC098DE3B2A4}.DVD-5|x64.Build.0 = DVD-5
		{842A60A3-0093-40D9-8607-DC098DE3B2A4}.DVD-5|x86.ActiveCfg = DVD-5
		{842A60A3-0093-40D9-8607-DC098DE3B2A4}.DVD-5|x86.Build.0 = DVD-5
		{842A60A3-0093-40D9-8607-DC098DE3B2A4}.Release|Any CPU.ActiveCfg = SingleImage
		{842A60A3-0093-40D9-8607-DC098DE3B2A4}.Release|Any CPU.Build.0 = SingleImage
		{842A60A3-0093-40D9-8607-DC098DE3B2A4}.Release|x64.ActiveCfg = SingleImage
		{842A60A3-0093-40D9-8607-DC098DE3B2A4}.Release|x64.Build.0 = SingleImage
		{842A60A3-0093-40D9-8607-DC098DE3B2A4}.Release|x86.ActiveCfg = SingleImage
		{842A60A3-0093-40D9-8607-DC098DE3B2A4}.Release|x86.Build.0 = SingleImage
		{842A60A3-0093-40D9-8607-DC098DE3B2A4}.SingleImage|Any CPU.ActiveCfg = SingleImage
		{842A60A3-0093-40D9-8607-DC098DE3B2A4}.SingleImage|Any CPU.Build.0 = SingleImage
		{842A60A3-0093-40D9-8607-DC098DE3B2A4}.SingleImage|x64.ActiveCfg = SingleImage
		{842A60A3-0093-40D9-8607-DC098DE3B2A4}.SingleImage|x64.Build.0 = SingleImage
		{842A60A3-0093-40D9-8607-DC098DE3B2A4}.SingleImage|x86.ActiveCfg = SingleImage
		{842A60A3-0093-40D9-8607-DC098DE3B2A4}.SingleImage|x86.Build.0 = SingleImage
		{1ADA0AF0-7AB5-4422-B254-251A960A9B28}.CD_ROM|Any CPU.ActiveCfg = Release|Any CPU
		{1ADA0AF0-7AB5-4422-B254-251A960A9B28}.CD_ROM|Any CPU.Build.0 = Release|Any CPU
		{1ADA0AF0-7AB5-4422-B254-251A960A9B28}.CD_ROM|x64.ActiveCfg = Release|x64
		{1ADA0AF0-7AB5-4422-B254-251A960A9B28}.CD_ROM|x64.Build.0 = Release|x64
		{1ADA0AF0-7AB5-4422-B254-251A960A9B28}.CD_ROM|x86.ActiveCfg = Release|x86
		{1ADA0AF0-7AB5-4422-B254-251A960A9B28}.CD_ROM|x86.Build.0 = Release|x86
		{1ADA0AF0-7AB5-4422-B254-251A960A9B28}.Debug|Any CPU.ActiveCfg = Debug|Any CPU
		{1ADA0AF0-7AB5-4422-B254-251A960A9B28}.Debug|Any CPU.Build.0 = Debug|Any CPU
		{1ADA0AF0-7AB5-4422-B254-251A960A9B28}.Debug|x64.ActiveCfg = Debug|x64
		{1ADA0AF0-7AB5-4422-B254-251A960A9B28}.Debug|x64.Build.0 = Debug|x64
		{1ADA0AF0-7AB5-4422-B254-251A960A9B28}.Debug|x86.ActiveCfg = Debug|x86
		{1ADA0AF0-7AB5-4422-B254-251A960A9B28}.Debug|x86.Build.0 = Debug|x86
		{1ADA0AF0-7AB5-4422-B254-251A960A9B28}.DVD-5|Any CPU.ActiveCfg = Debug|Any CPU
		{1ADA0AF0-7AB5-4422-B254-251A960A9B28}.DVD-5|Any CPU.Build.0 = Debug|Any CPU
		{1ADA0AF0-7AB5-4422-B254-251A960A9B28}.DVD-5|x64.ActiveCfg = Debug|x64
		{1ADA0AF0-7AB5-4422-B254-251A960A9B28}.DVD-5|x64.Build.0 = Debug|x64
		{1ADA0AF0-7AB5-4422-B254-251A960A9B28}.DVD-5|x86.ActiveCfg = Debug|x86
		{1ADA0AF0-7AB5-4422-B254-251A960A9B28}.DVD-5|x86.Build.0 = Debug|x86
		{1ADA0AF0-7AB5-4422-B254-251A960A9B28}.Release|Any CPU.ActiveCfg = Release|Any CPU
		{1ADA0AF0-7AB5-4422-B254-251A960A9B28}.Release|Any CPU.Build.0 = Release|Any CPU
		{1ADA0AF0-7AB5-4422-B254-251A960A9B28}.Release|x64.ActiveCfg = Release|x64
		{1ADA0AF0-7AB5-4422-B254-251A960A9B28}.Release|x64.Build.0 = Release|x64
		{1ADA0AF0-7AB5-4422-B254-251A960A9B28}.Release|x86.ActiveCfg = Release|x86
		{1ADA0AF0-7AB5-4422-B254-251A960A9B28}.Release|x86.Build.0 = Release|x86
		{1ADA0AF0-7AB5-4422-B254-251A960A9B28}.SingleImage|Any CPU.ActiveCfg = Release|Any CPU
		{1ADA0AF0-7AB5-4422-B254-251A960A9B28}.SingleImage|Any CPU.Build.0 = Release|Any CPU
		{1ADA0AF0-7AB5-4422-B254-251A960A9B28}.SingleImage|x64.ActiveCfg = Release|x64
		{1ADA0AF0-7AB5-4422-B254-251A960A9B28}.SingleImage|x64.Build.0 = Release|x64
		{1ADA0AF0-7AB5-4422-B254-251A960A9B28}.SingleImage|x86.ActiveCfg = Release|x86
		{1ADA0AF0-7AB5-4422-B254-251A960A9B28}.SingleImage|x86.Build.0 = Release|x86
	EndGlobalSection
	GlobalSection(SolutionProperties) = preSolution
		HideSolutionNode = FALSE
	EndGlobalSection
	GlobalSection(NestedProjects) = preSolution
		{27D0D9B3-719C-46B7-9F03-3F91E82E7436} = {DA6CEF1C-0792-411A-BA68-50C9D8926B32}
		{1A3066D9-B48C-4EC1-AC93-4B0BBE5AA812} = {DA6CEF1C-0792-411A-BA68-50C9D8926B32}
		{B00AE765-8212-43FD-8E70-768A6C20EE93} = {DA6CEF1C-0792-411A-BA68-50C9D8926B32}
		{AEC98F52-83F5-488D-99EF-8AFFE7C9F6E6} = {DA6CEF1C-0792-411A-BA68-50C9D8926B32}
		{9D0F3ECF-AF2E-4A59-9834-0E83D3E272D8} = {DA6CEF1C-0792-411A-BA68-50C9D8926B32}
		{30A6157B-92EB-4FA5-8521-6F00255903BE} = {DA6CEF1C-0792-411A-BA68-50C9D8926B32}
		{B456B610-7C31-4B25-B875-4FBA4C34ECDF} = {DA6CEF1C-0792-411A-BA68-50C9D8926B32}
		{D8187EA2-CE6F-4EC6-9CA7-74A3FA2129E9} = {DA6CEF1C-0792-411A-BA68-50C9D8926B32}
		{25649F08-3046-4891-ADB8-7EA787B57063} = {DA6CEF1C-0792-411A-BA68-50C9D8926B32}
		{CB580CB9-6597-4EDB-AA6C-B44F5AED87CE} = {DA6CEF1C-0792-411A-BA68-50C9D8926B32}
		{1ADA0AF0-7AB5-4422-B254-251A960A9B28} = {DA6CEF1C-0792-411A-BA68-50C9D8926B32}
	EndGlobalSection
EndGlobal
